<?xml version="1.0" encoding="utf-8"?>
<Project ToolsVersion="4.0" xmlns="http://schemas.microsoft.com/developer/msbuild/2003">
  <ItemGroup>
    <Filter Include="Fichiers sources">
      <UniqueIdentifier>{4FC737F1-C7A5-4376-A066-2A32D752A2FF}</UniqueIdentifier>
      <Extensions>cpp;c;cc;cxx;c++;cppm;ixx;def;odl;idl;hpj;bat;asm;asmx</Extensions>
    </Filter>
    <Filter Include="Fichiers d%27en-tête">
      <UniqueIdentifier>{93995380-89BD-4b04-88EB-625FBE52EBFB}</UniqueIdentifier>
      <Extensions>h;hh;hpp;hxx;h++;hm;inl;inc;ipp;xsd</Extensions>
    </Filter>
    <Filter Include="Fichiers de ressources">
      <UniqueIdentifier>{67DA6AB6-F800-4c08-8B7A-83BB121AAD01}</UniqueIdentifier>
      <Extensions>rc;ico;cur;bmp;dlg;rc2;rct;bin;rgs;gif;jpg;jpeg;jpe;resx;tiff;tif;png;wav;mfcribbon-ms</Extensions>
    </Filter>
    <Filter Include="Fichiers d%27en-tête\Keyboard">
      <UniqueIdentifier>{d72f0d92-6bda-45d6-8ad2-975475bd9d5b}</UniqueIdentifier>
    </Filter>
    <Filter Include="Fichiers d%27en-tête\Graphics">
      <UniqueIdentifier>{6b8a32ca-69bd-4f22-a668-a80349bfeb1b}</UniqueIdentifier>
    </Filter>
    <Filter Include="Fichiers sources\Graphics">
      <UniqueIdentifier>{3dcc5785-1876-485e-81dc-c7a35723b60b}</UniqueIdentifier>
    </Filter>
    <Filter Include="Fichiers sources\Keyboard">
      <UniqueIdentifier>{a52de3db-8f18-4f1e-8999-81149630a092}</UniqueIdentifier>
    </Filter>
    <Filter Include="Fichiers d%27en-tête\Mouse">
      <UniqueIdentifier>{33dfd288-3642-4c4d-98c8-6123d7623225}</UniqueIdentifier>
    </Filter>
    <Filter Include="Fichiers sources\Mouse">
      <UniqueIdentifier>{11041b32-d123-44bd-93ab-71e87a18b05a}</UniqueIdentifier>
    </Filter>
  </ItemGroup>
  <ItemGroup>
    <ClCompile Include="Engine.cpp">
      <Filter>Fichiers sources</Filter>
    </ClCompile>
    <ClCompile Include="ErrorLogger.cpp">
      <Filter>Fichiers sources</Filter>
    </ClCompile>
    <ClCompile Include="RenderWindow.cpp">
      <Filter>Fichiers sources</Filter>
    </ClCompile>
    <ClCompile Include="Source.cpp">
      <Filter>Fichiers sources</Filter>
    </ClCompile>
    <ClCompile Include="StringConverter.cpp">
      <Filter>Fichiers sources</Filter>
    </ClCompile>
    <ClCompile Include="WindowContainer.cpp">
      <Filter>Fichiers sources</Filter>
    </ClCompile>
    <ClCompile Include="Graphics\AdapterReader.cpp">
      <Filter>Fichiers sources\Graphics</Filter>
    </ClCompile>
    <ClCompile Include="Graphics\Camera.cpp">
      <Filter>Fichiers sources\Graphics</Filter>
    </ClCompile>
    <ClCompile Include="Graphics\Graphics.cpp">
      <Filter>Fichiers sources\Graphics</Filter>
    </ClCompile>
    <ClCompile Include="Graphics\Shaders.cpp">
      <Filter>Fichiers sources\Graphics</Filter>
    </ClCompile>
    <ClCompile Include="Keyboard\KeyboardClass.cpp">
      <Filter>Fichiers sources\Keyboard</Filter>
    </ClCompile>
    <ClCompile Include="Keyboard\KeyboardEvent.cpp">
      <Filter>Fichiers sources\Keyboard</Filter>
    </ClCompile>
    <ClCompile Include="Mouse\MouseClass.cpp">
      <Filter>Fichiers sources\Mouse</Filter>
    </ClCompile>
    <ClCompile Include="Mouse\MouseEvent.cpp">
      <Filter>Fichiers sources\Mouse</Filter>
    </ClCompile>
    <ClCompile Include="Graphics\model_decor.cpp">
      <Filter>Fichiers sources\Graphics</Filter>
    </ClCompile>
    <ClCompile Include="Graphics\mesh.cpp">
      <Filter>Fichiers sources\Graphics</Filter>
    </ClCompile>
    <ClCompile Include="Graphics\robot.cpp">
      <Filter>Fichiers sources\Graphics</Filter>
    </ClCompile>
    <ClCompile Include="Graphics\balle.cpp">
      <Filter>Fichiers sources\Graphics</Filter>
    </ClCompile>
  </ItemGroup>
  <ItemGroup>
    <ClInclude Include="Engine.h">
      <Filter>Fichiers d%27en-tête</Filter>
    </ClInclude>
    <ClInclude Include="ErrorLogger.h">
      <Filter>Fichiers d%27en-tête</Filter>
    </ClInclude>
    <ClInclude Include="RenderWindow.h">
      <Filter>Fichiers d%27en-tête</Filter>
    </ClInclude>
    <ClInclude Include="resource.h">
      <Filter>Fichiers d%27en-tête</Filter>
    </ClInclude>
    <ClInclude Include="StringConverter.h">
      <Filter>Fichiers d%27en-tête</Filter>
    </ClInclude>
    <ClInclude Include="WindowContainer.h">
      <Filter>Fichiers d%27en-tête</Filter>
    </ClInclude>
    <ClInclude Include="Keyboard\KeyboardClass.h">
      <Filter>Fichiers d%27en-tête\Keyboard</Filter>
    </ClInclude>
    <ClInclude Include="Keyboard\KeyboardEvent.h">
      <Filter>Fichiers d%27en-tête\Keyboard</Filter>
    </ClInclude>
    <ClInclude Include="Graphics\AdapterReader.h">
      <Filter>Fichiers d%27en-tête\Graphics</Filter>
    </ClInclude>
    <ClInclude Include="Graphics\Camera.h">
      <Filter>Fichiers d%27en-tête\Graphics</Filter>
    </ClInclude>
    <ClInclude Include="Graphics\ConstantBuffer.h">
      <Filter>Fichiers d%27en-tête\Graphics</Filter>
    </ClInclude>
    <ClInclude Include="Graphics\ConstantBufferTypes.h">
      <Filter>Fichiers d%27en-tête\Graphics</Filter>
    </ClInclude>
    <ClInclude Include="Graphics\Graphics.h">
      <Filter>Fichiers d%27en-tête\Graphics</Filter>
    </ClInclude>
    <ClInclude Include="Graphics\IndexBuffer.h">
      <Filter>Fichiers d%27en-tête\Graphics</Filter>
    </ClInclude>
    <ClInclude Include="Graphics\Shaders.h">
      <Filter>Fichiers d%27en-tête\Graphics</Filter>
    </ClInclude>
    <ClInclude Include="Graphics\Vertex.h">
      <Filter>Fichiers d%27en-tête\Graphics</Filter>
    </ClInclude>
    <ClInclude Include="Graphics\VertexBuffer.h">
      <Filter>Fichiers d%27en-tête\Graphics</Filter>
    </ClInclude>
    <ClInclude Include="Mouse\MouseClass.h">
      <Filter>Fichiers d%27en-tête\Mouse</Filter>
    </ClInclude>
    <ClInclude Include="Mouse\MouseEvent.h">
      <Filter>Fichiers d%27en-tête\Mouse</Filter>
    </ClInclude>
    <ClInclude Include="COMException.h">
      <Filter>Fichiers d%27en-tête</Filter>
    </ClInclude>
    <ClInclude Include="Graphics\model_decor.hpp">
      <Filter>Fichiers d%27en-tête\Graphics</Filter>
    </ClInclude>
    <ClInclude Include="Graphics\mesh.hpp">
      <Filter>Fichiers d%27en-tête\Graphics</Filter>
    </ClInclude>
    <ClInclude Include="Graphics\robot.hpp">
      <Filter>Fichiers d%27en-tête\Graphics</Filter>
    </ClInclude>
    <ClInclude Include="Graphics\balle.hpp">
      <Filter>Fichiers d%27en-tête\Graphics</Filter>
    </ClInclude>
  </ItemGroup>
  <ItemGroup>
    <FxCompile Include="pixelshader.hlsl">
      <Filter>Fichiers de ressources</Filter>
    </FxCompile>
    <FxCompile Include="vertexshader.hlsl">
      <Filter>Fichiers de ressources</Filter>
    </FxCompile>
  </ItemGroup>
</Project>